
Microsoft Visual Studio Solution File, Format Version 12.00
# Visual Studio Version 16
VisualStudioVersion = 16.0.31005.135
MinimumVisualStudioVersion = 10.0.40219.1
Project("{9A19103F-16F7-4668-BE54-9A1E7A4F7556}") = "AlphaVantageApi.Net.Common", "AlphaVantageApi.Net.Common\AlphaVantageApi.Net.Common.csproj", "{0363ACF5-DD12-435D-93C6-D4E126CE1F85}"
EndProject
Project("{FAE04EC0-301F-11D3-BF4B-00C04F79EFBC}") = "AlphaVantageApi.Net.Domain", "AlphaVantageApi.Net.Domain\AlphaVantageApi.Net.Domain.csproj", "{649CB9ED-473D-41FF-8984-52A172D5433E}"
EndProject
Global
	GlobalSection(SolutionConfigurationPlatforms) = preSolution
		Debug|Any CPU = Debug|Any CPU
		Release|Any CPU = Release|Any CPU
	EndGlobalSection
	GlobalSection(ProjectConfigurationPlatforms) = postSolution
		{0363ACF5-DD12-435D-93C6-D4E126CE1F85}.Debug|Any CPU.ActiveCfg = Debug|Any CPU
		{0363ACF5-DD12-435D-93C6-D4E126CE1F85}.Debug|Any CPU.Build.0 = Debug|Any CPU
		{0363ACF5-DD12-435D-93C6-D4E126CE1F85}.Release|Any CPU.ActiveCfg = Release|Any CPU
		{0363ACF5-DD12-435D-93C6-D4E126CE1F85}.Release|Any CPU.Build.0 = Release|Any CPU
		{649CB9ED-473D-41FF-8984-52A172D5433E}.Debug|Any CPU.ActiveCfg = Debug|Any CPU
		{649CB9ED-473D-41FF-8984-52A172D5433E}.Debug|Any CPU.Build.0 = Debug|Any CPU
		{649CB9ED-473D-41FF-8984-52A172D5433E}.Release|Any CPU.ActiveCfg = Release|Any CPU
		{649CB9ED-473D-41FF-8984-52A172D5433E}.Release|Any CPU.Build.0 = Release|Any CPU
	EndGlobalSection
	GlobalSection(SolutionProperties) = preSolution
		HideSolutionNode = FALSE
	EndGlobalSection
	GlobalSection(ExtensibilityGlobals) = postSolution
		SolutionGuid = {20B950F8-FEAA-422C-85D0-817364889E90}
	EndGlobalSection
EndGlobal
